
Microsoft Visual Studio Solution File, Format Version 12.00
# Visual Studio Version 17
VisualStudioVersion = 17.8.34309.116
MinimumVisualStudioVersion = 10.0.40219.1
Project("{9A19103F-16F7-4668-BE54-9A1E7A4F7556}") = "AuthService", "AuthService\AuthService.csproj", "{ED7A7C2A-09C5-4E7D-8F6E-5FA5CF1F32AC}"
EndProject
Project("{9A19103F-16F7-4668-BE54-9A1E7A4F7556}") = "ApiGateway", "ApiGateway\ApiGateway.csproj", "{4E0F16B7-30E4-485A-A200-110D2EBDDF3D}"
EndProject
Project("{2150E333-8FDC-42A3-9474-1A3956D46DE8}") = "Tests", "Tests", "{2FB7445A-EA53-407B-8C4E-ABA62C585B39}"
EndProject
Project("{9A19103F-16F7-4668-BE54-9A1E7A4F7556}") = "AuthService.Tests", "AuthService.Tests\AuthService.Tests.csproj", "{9DFA1EE5-1159-4F9C-A1CC-F1CB65CB9738}"
EndProject
Project("{9A19103F-16F7-4668-BE54-9A1E7A4F7556}") = "ItemService", "ItemService\ItemService.csproj", "{24C3AC8C-3956-453F-A877-984BEC0C0847}"
EndProject
Project("{E53339B2-1760-4266-BCC7-CA923CBCF16C}") = "docker-compose", "docker-compose.dcproj", "{770C60A4-DB18-4698-A871-F8042FF8EA18}"
EndProject
Global
	GlobalSection(SolutionConfigurationPlatforms) = preSolution
		Debug|Any CPU = Debug|Any CPU
		Release|Any CPU = Release|Any CPU
	EndGlobalSection
	GlobalSection(ProjectConfigurationPlatforms) = postSolution
		{ED7A7C2A-09C5-4E7D-8F6E-5FA5CF1F32AC}.Debug|Any CPU.ActiveCfg = Debug|Any CPU
		{ED7A7C2A-09C5-4E7D-8F6E-5FA5CF1F32AC}.Debug|Any CPU.Build.0 = Debug|Any CPU
		{ED7A7C2A-09C5-4E7D-8F6E-5FA5CF1F32AC}.Release|Any CPU.ActiveCfg = Release|Any CPU
		{ED7A7C2A-09C5-4E7D-8F6E-5FA5CF1F32AC}.Release|Any CPU.Build.0 = Release|Any CPU
		{4E0F16B7-30E4-485A-A200-110D2EBDDF3D}.Debug|Any CPU.ActiveCfg = Debug|Any CPU
		{4E0F16B7-30E4-485A-A200-110D2EBDDF3D}.Debug|Any CPU.Build.0 = Debug|Any CPU
		{4E0F16B7-30E4-485A-A200-110D2EBDDF3D}.Release|Any CPU.ActiveCfg = Release|Any CPU
		{4E0F16B7-30E4-485A-A200-110D2EBDDF3D}.Release|Any CPU.Build.0 = Release|Any CPU
		{9DFA1EE5-1159-4F9C-A1CC-F1CB65CB9738}.Debug|Any CPU.ActiveCfg = Debug|Any CPU
		{9DFA1EE5-1159-4F9C-A1CC-F1CB65CB9738}.Debug|Any CPU.Build.0 = Debug|Any CPU
		{9DFA1EE5-1159-4F9C-A1CC-F1CB65CB9738}.Release|Any CPU.ActiveCfg = Release|Any CPU
		{9DFA1EE5-1159-4F9C-A1CC-F1CB65CB9738}.Release|Any CPU.Build.0 = Release|Any CPU
		{24C3AC8C-3956-453F-A877-984BEC0C0847}.Debug|Any CPU.ActiveCfg = Debug|Any CPU
		{24C3AC8C-3956-453F-A877-984BEC0C0847}.Debug|Any CPU.Build.0 = Debug|Any CPU
		{24C3AC8C-3956-453F-A877-984BEC0C0847}.Release|Any CPU.ActiveCfg = Release|Any CPU
		{24C3AC8C-3956-453F-A877-984BEC0C0847}.Release|Any CPU.Build.0 = Release|Any CPU
		{770C60A4-DB18-4698-A871-F8042FF8EA18}.Debug|Any CPU.ActiveCfg = Debug|Any CPU
		{770C60A4-DB18-4698-A871-F8042FF8EA18}.Debug|Any CPU.Build.0 = Debug|Any CPU
		{770C60A4-DB18-4698-A871-F8042FF8EA18}.Release|Any CPU.ActiveCfg = Release|Any CPU
		{770C60A4-DB18-4698-A871-F8042FF8EA18}.Release|Any CPU.Build.0 = Release|Any CPU
	EndGlobalSection
	GlobalSection(SolutionProperties) = preSolution
		HideSolutionNode = FALSE
	EndGlobalSection
	GlobalSection(NestedProjects) = preSolution
		{9DFA1EE5-1159-4F9C-A1CC-F1CB65CB9738} = {2FB7445A-EA53-407B-8C4E-ABA62C585B39}
	EndGlobalSection
	GlobalSection(ExtensibilityGlobals) = postSolution
		SolutionGuid = {F0254BC8-34CE-4579-BAC1-633CF5DDC30A}
	EndGlobalSection
EndGlobal
